
Microsoft Visual Studio Solution File, Format Version 12.00
# Visual Studio Version 17
VisualStudioVersion = 17.0.31903.59
MinimumVisualStudioVersion = 10.0.40219.1
Project("{2150E333-8FDC-42A3-9474-1A3956D46DE8}") = "tests", "tests", "{5CF5E222-34C4-4262-876D-77D1B6CDCFBA}"
EndProject
Project("{2150E333-8FDC-42A3-9474-1A3956D46DE8}") = "src", "src", "{4C208E11-2DDA-42E2-BB02-0CAAD20AF54A}"
EndProject
Project("{9A19103F-16F7-4668-BE54-9A1E7A4F7556}") = "Restaurants.API", "src\Restaurant.API\Restaurants.API.csproj", "{0EAB81AD-80A5-4F5C-BFA1-02AF5D44B936}"
EndProject
Project("{9A19103F-16F7-4668-BE54-9A1E7A4F7556}") = "Restaurants.Application", "src\Restaurants.Application\Restaurants.Application.csproj", "{443FA0C1-9D6D-41E9-A4D8-D0D11B78C8B4}"
EndProject
Project("{9A19103F-16F7-4668-BE54-9A1E7A4F7556}") = "Restaurants.Domain", "src\Restaurants.Domain\Restaurants.Domain.csproj", "{2F4C857C-491F-45A2-B55D-58C1601F1707}"
EndProject
Project("{9A19103F-16F7-4668-BE54-9A1E7A4F7556}") = "Restaurants.Infrastructure", "src\Restaurants.Infrastructure\Restaurants.Infrastructure.csproj", "{A94BC73C-CFC0-49B0-8C27-B8B64B9E8CD5}"
EndProject
Project("{9A19103F-16F7-4668-BE54-9A1E7A4F7556}") = "Restaurants.APITests", "tests\Restaurants.APITests\Restaurants.APITests.csproj", "{7B17C9E7-343D-49A5-85F9-E75B5CCB122C}"
EndProject
Project("{9A19103F-16F7-4668-BE54-9A1E7A4F7556}") = "Restaurants.ApplicationTests", "tests\Restaurants.ApplicationTests\Restaurants.ApplicationTests.csproj", "{34D10361-9BCD-43C3-AB79-71A414A3E9E7}"
EndProject
Project("{9A19103F-16F7-4668-BE54-9A1E7A4F7556}") = "Restaurants.InfrastructureTests", "tests\Restaurants.InfrastructureTests\Restaurants.InfrastructureTests.csproj", "{71D2C7A7-E626-47E4-B92E-F431FC1E4AC3}"
EndProject
Global
	GlobalSection(SolutionConfigurationPlatforms) = preSolution
		Debug|Any CPU = Debug|Any CPU
		Release|Any CPU = Release|Any CPU
	EndGlobalSection
	GlobalSection(ProjectConfigurationPlatforms) = postSolution
		{0EAB81AD-80A5-4F5C-BFA1-02AF5D44B936}.Debug|Any CPU.ActiveCfg = Debug|Any CPU
		{0EAB81AD-80A5-4F5C-BFA1-02AF5D44B936}.Debug|Any CPU.Build.0 = Debug|Any CPU
		{0EAB81AD-80A5-4F5C-BFA1-02AF5D44B936}.Release|Any CPU.ActiveCfg = Release|Any CPU
		{0EAB81AD-80A5-4F5C-BFA1-02AF5D44B936}.Release|Any CPU.Build.0 = Release|Any CPU
		{443FA0C1-9D6D-41E9-A4D8-D0D11B78C8B4}.Debug|Any CPU.ActiveCfg = Debug|Any CPU
		{443FA0C1-9D6D-41E9-A4D8-D0D11B78C8B4}.Debug|Any CPU.Build.0 = Debug|Any CPU
		{443FA0C1-9D6D-41E9-A4D8-D0D11B78C8B4}.Release|Any CPU.ActiveCfg = Release|Any CPU
		{443FA0C1-9D6D-41E9-A4D8-D0D11B78C8B4}.Release|Any CPU.Build.0 = Release|Any CPU
		{2F4C857C-491F-45A2-B55D-58C1601F1707}.Debug|Any CPU.ActiveCfg = Debug|Any CPU
		{2F4C857C-491F-45A2-B55D-58C1601F1707}.Debug|Any CPU.Build.0 = Debug|Any CPU
		{2F4C857C-491F-45A2-B55D-58C1601F1707}.Release|Any CPU.ActiveCfg = Release|Any CPU
		{2F4C857C-491F-45A2-B55D-58C1601F1707}.Release|Any CPU.Build.0 = Release|Any CPU
		{A94BC73C-CFC0-49B0-8C27-B8B64B9E8CD5}.Debug|Any CPU.ActiveCfg = Debug|Any CPU
		{A94BC73C-CFC0-49B0-8C27-B8B64B9E8CD5}.Debug|Any CPU.Build.0 = Debug|Any CPU
		{A94BC73C-CFC0-49B0-8C27-B8B64B9E8CD5}.Release|Any CPU.ActiveCfg = Release|Any CPU
		{A94BC73C-CFC0-49B0-8C27-B8B64B9E8CD5}.Release|Any CPU.Build.0 = Release|Any CPU
		{7B17C9E7-343D-49A5-85F9-E75B5CCB122C}.Debug|Any CPU.ActiveCfg = Debug|Any CPU
		{7B17C9E7-343D-49A5-85F9-E75B5CCB122C}.Debug|Any CPU.Build.0 = Debug|Any CPU
		{7B17C9E7-343D-49A5-85F9-E75B5CCB122C}.Release|Any CPU.ActiveCfg = Release|Any CPU
		{7B17C9E7-343D-49A5-85F9-E75B5CCB122C}.Release|Any CPU.Build.0 = Release|Any CPU
		{34D10361-9BCD-43C3-AB79-71A414A3E9E7}.Debug|Any CPU.ActiveCfg = Debug|Any CPU
		{34D10361-9BCD-43C3-AB79-71A414A3E9E7}.Debug|Any CPU.Build.0 = Debug|Any CPU
		{34D10361-9BCD-43C3-AB79-71A414A3E9E7}.Release|Any CPU.ActiveCfg = Release|Any CPU
		{34D10361-9BCD-43C3-AB79-71A414A3E9E7}.Release|Any CPU.Build.0 = Release|Any CPU
		{71D2C7A7-E626-47E4-B92E-F431FC1E4AC3}.Debug|Any CPU.ActiveCfg = Debug|Any CPU
		{71D2C7A7-E626-47E4-B92E-F431FC1E4AC3}.Debug|Any CPU.Build.0 = Debug|Any CPU
		{71D2C7A7-E626-47E4-B92E-F431FC1E4AC3}.Release|Any CPU.ActiveCfg = Release|Any CPU
		{71D2C7A7-E626-47E4-B92E-F431FC1E4AC3}.Release|Any CPU.Build.0 = Release|Any CPU
	EndGlobalSection
	GlobalSection(SolutionProperties) = preSolution
		HideSolutionNode = FALSE
	EndGlobalSection
	GlobalSection(NestedProjects) = preSolution
		{0EAB81AD-80A5-4F5C-BFA1-02AF5D44B936} = {4C208E11-2DDA-42E2-BB02-0CAAD20AF54A}
		{443FA0C1-9D6D-41E9-A4D8-D0D11B78C8B4} = {4C208E11-2DDA-42E2-BB02-0CAAD20AF54A}
		{2F4C857C-491F-45A2-B55D-58C1601F1707} = {4C208E11-2DDA-42E2-BB02-0CAAD20AF54A}
		{A94BC73C-CFC0-49B0-8C27-B8B64B9E8CD5} = {4C208E11-2DDA-42E2-BB02-0CAAD20AF54A}
		{7B17C9E7-343D-49A5-85F9-E75B5CCB122C} = {5CF5E222-34C4-4262-876D-77D1B6CDCFBA}
		{34D10361-9BCD-43C3-AB79-71A414A3E9E7} = {5CF5E222-34C4-4262-876D-77D1B6CDCFBA}
		{71D2C7A7-E626-47E4-B92E-F431FC1E4AC3} = {5CF5E222-34C4-4262-876D-77D1B6CDCFBA}
	EndGlobalSection
	GlobalSection(ExtensibilityGlobals) = postSolution
		SolutionGuid = {A4240CC6-71D3-447B-8D82-F4927F73747E}
	EndGlobalSection
EndGlobal
